
Microsoft Visual Studio Solution File, Format Version 12.00
# Visual Studio Version 16
VisualStudioVersion = 16.0.29418.71
MinimumVisualStudioVersion = 10.0.40219.1
Project("{FAE04EC0-301F-11D3-BF4B-00C04F79EFBC}") = "TowersOfHanoi", "TowersOfHanoi\TowersOfHanoi.csproj", "{DF5251AF-5C0C-4C3B-B28E-52221A74C4EB}"
EndProject
Global
	GlobalSection(SolutionConfigurationPlatforms) = preSolution
		Debug|Any CPU = Debug|Any CPU
		Release|Any CPU = Release|Any CPU
	EndGlobalSection
	GlobalSection(ProjectConfigurationPlatforms) = postSolution
		{DF5251AF-5C0C-4C3B-B28E-52221A74C4EB}.Debug|Any CPU.ActiveCfg = Debug|Any CPU
		{DF5251AF-5C0C-4C3B-B28E-52221A74C4EB}.Debug|Any CPU.Build.0 = Debug|Any CPU
		{DF5251AF-5C0C-4C3B-B28E-52221A74C4EB}.Release|Any CPU.ActiveCfg = Release|Any CPU
		{DF5251AF-5C0C-4C3B-B28E-52221A74C4EB}.Release|Any CPU.Build.0 = Release|Any CPU
	EndGlobalSection
	GlobalSection(SolutionProperties) = preSolution
		HideSolutionNode = FALSE
	EndGlobalSection
	GlobalSection(ExtensibilityGlobals) = postSolution
		SolutionGuid = {FE3C0901-BF07-4451-B8A4-393D3BB6833B}
	EndGlobalSection
EndGlobal
