
Microsoft Visual Studio Solution File, Format Version 12.00
# Visual Studio Version 16
VisualStudioVersion = 16.0.29519.87
MinimumVisualStudioVersion = 10.0.40219.1
Project("{FAE04EC0-301F-11D3-BF4B-00C04F79EFBC}") = "ToDoApp", "ToDoApp\ToDoApp.csproj", "{DE37FD1D-163C-4FA2-A0A9-5862DB0E66BB}"
EndProject
Global
	GlobalSection(SolutionConfigurationPlatforms) = preSolution
		Debug|Any CPU = Debug|Any CPU
		Release|Any CPU = Release|Any CPU
	EndGlobalSection
	GlobalSection(ProjectConfigurationPlatforms) = postSolution
		{DE37FD1D-163C-4FA2-A0A9-5862DB0E66BB}.Debug|Any CPU.ActiveCfg = Debug|Any CPU
		{DE37FD1D-163C-4FA2-A0A9-5862DB0E66BB}.Debug|Any CPU.Build.0 = Debug|Any CPU
		{DE37FD1D-163C-4FA2-A0A9-5862DB0E66BB}.Release|Any CPU.ActiveCfg = Release|Any CPU
		{DE37FD1D-163C-4FA2-A0A9-5862DB0E66BB}.Release|Any CPU.Build.0 = Release|Any CPU
	EndGlobalSection
	GlobalSection(SolutionProperties) = preSolution
		HideSolutionNode = FALSE
	EndGlobalSection
	GlobalSection(ExtensibilityGlobals) = postSolution
		SolutionGuid = {629919B2-ED6E-4C4D-AA14-4253664F8E42}
	EndGlobalSection
EndGlobal
